
Microsoft Visual Studio Solution File, Format Version 12.00
# Visual Studio Version 17
VisualStudioVersion = 17.5.33414.496
MinimumVisualStudioVersion = 10.0.40219.1
Project("{FAE04EC0-301F-11D3-BF4B-00C04F79EFBC}") = "AlJabbarTransLibraries", "AlJabbarTransLibraries\AlJabbarTransLibraries.csproj", "{9EEF4DE7-F20F-40EF-8D11-6E44C9658EB1}"
EndProject
Project("{FAE04EC0-301F-11D3-BF4B-00C04F79EFBC}") = "MainProgram", "MainProgram\MainProgram.csproj", "{EC96420D-C040-450A-8723-EAB71AD02BA5}"
EndProject
Global
	GlobalSection(SolutionConfigurationPlatforms) = preSolution
		Debug|Any CPU = Debug|Any CPU
		Release|Any CPU = Release|Any CPU
	EndGlobalSection
	GlobalSection(ProjectConfigurationPlatforms) = postSolution
		{9EEF4DE7-F20F-40EF-8D11-6E44C9658EB1}.Debug|Any CPU.ActiveCfg = Debug|Any CPU
		{9EEF4DE7-F20F-40EF-8D11-6E44C9658EB1}.Debug|Any CPU.Build.0 = Debug|Any CPU
		{9EEF4DE7-F20F-40EF-8D11-6E44C9658EB1}.Release|Any CPU.ActiveCfg = Release|Any CPU
		{9EEF4DE7-F20F-40EF-8D11-6E44C9658EB1}.Release|Any CPU.Build.0 = Release|Any CPU
		{EC96420D-C040-450A-8723-EAB71AD02BA5}.Debug|Any CPU.ActiveCfg = Debug|Any CPU
		{EC96420D-C040-450A-8723-EAB71AD02BA5}.Debug|Any CPU.Build.0 = Debug|Any CPU
		{EC96420D-C040-450A-8723-EAB71AD02BA5}.Release|Any CPU.ActiveCfg = Release|Any CPU
		{EC96420D-C040-450A-8723-EAB71AD02BA5}.Release|Any CPU.Build.0 = Release|Any CPU
	EndGlobalSection
	GlobalSection(SolutionProperties) = preSolution
		HideSolutionNode = FALSE
	EndGlobalSection
	GlobalSection(ExtensibilityGlobals) = postSolution
		SolutionGuid = {173A089D-8DA4-4D6A-8C6F-8046C6642275}
	EndGlobalSection
EndGlobal
